
Microsoft Visual Studio Solution File, Format Version 12.00
# Visual Studio Version 17
VisualStudioVersion = 17.3.32922.545
MinimumVisualStudioVersion = 10.0.40219.1
Project("{FAE04EC0-301F-11D3-BF4B-00C04F79EFBC}") = "prueba_git", "prueba_git\prueba_git.csproj", "{BC4D9953-67E8-4C4B-8283-D58CF8F5C7FA}"
EndProject
Global
	GlobalSection(SolutionConfigurationPlatforms) = preSolution
		Debug|Any CPU = Debug|Any CPU
		Release|Any CPU = Release|Any CPU
	EndGlobalSection
	GlobalSection(ProjectConfigurationPlatforms) = postSolution
		{BC4D9953-67E8-4C4B-8283-D58CF8F5C7FA}.Debug|Any CPU.ActiveCfg = Debug|Any CPU
		{BC4D9953-67E8-4C4B-8283-D58CF8F5C7FA}.Debug|Any CPU.Build.0 = Debug|Any CPU
		{BC4D9953-67E8-4C4B-8283-D58CF8F5C7FA}.Release|Any CPU.ActiveCfg = Release|Any CPU
		{BC4D9953-67E8-4C4B-8283-D58CF8F5C7FA}.Release|Any CPU.Build.0 = Release|Any CPU
	EndGlobalSection
	GlobalSection(SolutionProperties) = preSolution
		HideSolutionNode = FALSE
	EndGlobalSection
	GlobalSection(ExtensibilityGlobals) = postSolution
		SolutionGuid = {99B7EA01-E2F9-4B1C-80FC-8F0977689A1E}
	EndGlobalSection
EndGlobal
